
Microsoft Visual Studio Solution File, Format Version 12.00
# Visual Studio Version 16
VisualStudioVersion = 16.0.31729.503
MinimumVisualStudioVersion = 10.0.40219.1
Project("{FAE04EC0-301F-11D3-BF4B-00C04F79EFBC}") = "DemirbasTakipProjesi_Uygulama", "DemirbasTakipProjesi_Uygulama.csproj", "{E6D8C989-BA8D-46AF-9DD1-82A39520CE6B}"
EndProject
Global
	GlobalSection(SolutionConfigurationPlatforms) = preSolution
		Debug|Any CPU = Debug|Any CPU
		Release|Any CPU = Release|Any CPU
	EndGlobalSection
	GlobalSection(ProjectConfigurationPlatforms) = postSolution
		{E6D8C989-BA8D-46AF-9DD1-82A39520CE6B}.Debug|Any CPU.ActiveCfg = Debug|Any CPU
		{E6D8C989-BA8D-46AF-9DD1-82A39520CE6B}.Debug|Any CPU.Build.0 = Debug|Any CPU
		{E6D8C989-BA8D-46AF-9DD1-82A39520CE6B}.Release|Any CPU.ActiveCfg = Release|Any CPU
		{E6D8C989-BA8D-46AF-9DD1-82A39520CE6B}.Release|Any CPU.Build.0 = Release|Any CPU
	EndGlobalSection
	GlobalSection(SolutionProperties) = preSolution
		HideSolutionNode = FALSE
	EndGlobalSection
	GlobalSection(ExtensibilityGlobals) = postSolution
		SolutionGuid = {2FF043B7-28B5-438C-8AD7-C53B3281E528}
	EndGlobalSection
EndGlobal
